
Microsoft Visual Studio Solution File, Format Version 12.00
# Visual Studio 15
VisualStudioVersion = 15.0.27703.2026
MinimumVisualStudioVersion = 10.0.40219.1
Project("{FAE04EC0-301F-11D3-BF4B-00C04F79EFBC}") = "AutenticacaoAspNet", "AutenticacaoAspNet\AutenticacaoAspNet.csproj", "{D1306B51-621A-48F6-92BE-8195D4414AFB}"
EndProject
Global
	GlobalSection(SolutionConfigurationPlatforms) = preSolution
		Debug|Any CPU = Debug|Any CPU
		Release|Any CPU = Release|Any CPU
	EndGlobalSection
	GlobalSection(ProjectConfigurationPlatforms) = postSolution
		{D1306B51-621A-48F6-92BE-8195D4414AFB}.Debug|Any CPU.ActiveCfg = Debug|Any CPU
		{D1306B51-621A-48F6-92BE-8195D4414AFB}.Debug|Any CPU.Build.0 = Debug|Any CPU
		{D1306B51-621A-48F6-92BE-8195D4414AFB}.Release|Any CPU.ActiveCfg = Release|Any CPU
		{D1306B51-621A-48F6-92BE-8195D4414AFB}.Release|Any CPU.Build.0 = Release|Any CPU
	EndGlobalSection
	GlobalSection(SolutionProperties) = preSolution
		HideSolutionNode = FALSE
	EndGlobalSection
	GlobalSection(ExtensibilityGlobals) = postSolution
		SolutionGuid = {567146AD-31BF-4B4A-A940-B291D4636923}
	EndGlobalSection
EndGlobal
